{
    "version": 3,
    "terraform_version": "0.11.14",
    "serial": 3,
    "lineage": "afb18a66-41df-15bb-0306-d5c8ca1aef60",
    "modules": [
        {
            "path": [
                "root"
            ],
            "outputs": {},
            "resources": {
                "aws_s3_bucket.terraform_workshop": {
                    "type": "aws_s3_bucket",
                    "depends_on": [],
                    "primary": {
                        "id": "terraform-workshop-mikhailadvani",
                        "attributes": {
                            "acceleration_status": "",
                            "acl": "private",
                            "arn": "arn:aws:s3:::terraform-workshop-mikhailadvani",
                            "bucket": "terraform-workshop-mikhailadvani",
                            "bucket_domain_name": "terraform-workshop-mikhailadvani.s3.amazonaws.com",
                            "bucket_regional_domain_name": "terraform-workshop-mikhailadvani.s3.eu-west-1.amazonaws.com",
                            "cors_rule.#": "0",
                            "force_destroy": "false",
                            "hosted_zone_id": "Z1BKCTXD74EZPE",
                            "id": "terraform-workshop-mikhailadvani",
                            "lifecycle_rule.#": "0",
                            "logging.#": "0",
                            "object_lock_configuration.#": "0",
                            "region": "eu-west-1",
                            "replication_configuration.#": "0",
                            "request_payer": "BucketOwner",
                            "server_side_encryption_configuration.#": "0",
                            "tags.%": "0",
                            "versioning.#": "1",
                            "versioning.0.enabled": "false",
                            "versioning.0.mfa_delete": "false",
                            "website.#": "0"
                        },
                        "meta": {},
                        "tainted": false
                    },
                    "deposed": [],
                    "provider": "provider.aws"
                },
                "aws_s3_bucket_object.object": {
                    "type": "aws_s3_bucket_object",
                    "depends_on": [
                        "aws_s3_bucket.terraform_workshop",
                        "local_file.user"
                    ],
                    "primary": {
                        "id": "/go/src/github.com/mikhailadvani/terraform-workshop/part-2/user.txt",
                        "attributes": {
                            "acl": "private",
                            "bucket": "terraform-workshop-mikhailadvani",
                            "cache_control": "",
                            "content_disposition": "",
                            "content_encoding": "",
                            "content_language": "",
                            "content_type": "binary/octet-stream",
                            "etag": "5caca08e7e7c2f4cae5f0d3e05a52a90",
                            "id": "/go/src/github.com/mikhailadvani/terraform-workshop/part-2/user.txt",
                            "key": "/go/src/github.com/mikhailadvani/terraform-workshop/part-2/user.txt",
                            "server_side_encryption": "",
                            "source": "/go/src/github.com/mikhailadvani/terraform-workshop/part-2/user.txt",
                            "storage_class": "STANDARD",
                            "tags.%": "0",
                            "version_id": "",
                            "website_redirect": ""
                        },
                        "meta": {},
                        "tainted": false
                    },
                    "deposed": [],
                    "provider": "provider.aws"
                },
                "local_file.user": {
                    "type": "local_file",
                    "depends_on": [],
                    "primary": {
                        "id": "e0468d0c3f14b823ee1d029515b93995a8afb390",
                        "attributes": {
                            "content": "Name: \"abc\"\nEmail: \"abc@email.com\"\n",
                            "filename": "/go/src/github.com/mikhailadvani/terraform-workshop/part-2/user.txt",
                            "id": "e0468d0c3f14b823ee1d029515b93995a8afb390"
                        },
                        "meta": {},
                        "tainted": false
                    },
                    "deposed": [],
                    "provider": "provider.local"
                }
            },
            "depends_on": []
        }
    ]
}
